// !$*UTF8*$!
{
	archiveVersion = 1;
	classes = {
	};
	objectVersion = 50;
	objects = {

/* Begin PBXBuildFile section */
		9084FDC7207AD36E000CE300 /* AppDelegate.swift in Sources */ = {isa = PBXBuildFile; fileRef = 9084FDC6207AD36E000CE300 /* AppDelegate.swift */; };
		9084FDC9207AD36E000CE300 /* ViewController.swift in Sources */ = {isa = PBXBuildFile; fileRef = 9084FDC8207AD36E000CE300 /* ViewController.swift */; };
		9084FDCC207AD36E000CE300 /* Main.storyboard in Resources */ = {isa = PBXBuildFile; fileRef = 9084FDCA207AD36E000CE300 /* Main.storyboard */; };
		9084FDCF207AD36E000CE300 /* Practices.xcdatamodeld in Sources */ = {isa = PBXBuildFile; fileRef = 9084FDCD207AD36E000CE300 /* Practices.xcdatamodeld */; };
		9084FDD1207AD375000CE300 /* Assets.xcassets in Resources */ = {isa = PBXBuildFile; fileRef = 9084FDD0207AD375000CE300 /* Assets.xcassets */; };
		9084FDD4207AD375000CE300 /* LaunchScreen.storyboard in Resources */ = {isa = PBXBuildFile; fileRef = 9084FDD2207AD375000CE300 /* LaunchScreen.storyboard */; };
/* End PBXBuildFile section */

/* Begin PBXFileReference section */
		9084FDC3207AD36D000CE300 /* Practices.app */ = {isa = PBXFileReference; explicitFileType = wrapper.application; includeInIndex = 0; path = Practices.app; sourceTree = BUILT_PRODUCTS_DIR; };
		9084FDC6207AD36E000CE300 /* AppDelegate.swift */ = {isa = PBXFileReference; lastKnownFileType = sourcecode.swift; path = AppDelegate.swift; sourceTree = "<group>"; };
		9084FDC8207AD36E000CE300 /* ViewController.swift */ = {isa = PBXFileReference; lastKnownFileType = sourcecode.swift; path = ViewController.swift; sourceTree = "<group>"; };
		9084FDCB207AD36E000CE300 /* Base */ = {isa = PBXFileReference; lastKnownFileType = file.storyboard; name = Base; path = Base.lproj/Main.storyboard; sourceTree = "<group>"; };
		9084FDCE207AD36E000CE300 /* Practices.xcdatamodel */ = {isa = PBXFileReference; lastKnownFileType = wrapper.xcdatamodel; path = Practices.xcdatamodel; sourceTree = "<group>"; };
		9084FDD0207AD375000CE300 /* Assets.xcassets */ = {isa = PBXFileReference; lastKnownFileType = folder.assetcatalog; path = Assets.xcassets; sourceTree = "<group>"; };
		9084FDD3207AD375000CE300 /* Base */ = {isa = PBXFileReference; lastKnownFileType = file.storyboard; name = Base; path = Base.lproj/LaunchScreen.storyboard; sourceTree = "<group>"; };
		9084FDD5207AD375000CE300 /* Info.plist */ = {isa = PBXFileReference; lastKnownFileType = text.plist.xml; path = Info.plist; sourceTree = "<group>"; };
/* End PBXFileReference section */

/* Begin PBXFrameworksBuildPhase section */
		9084FDC0207AD36D000CE300 /* Frameworks */ = {
			isa = PBXFrameworksBuildPhase;
			buildActionMask = 2147483647;
			files = (
			);
			runOnlyForDeploymentPostprocessing = 0;
		};
/* End PBXFrameworksBuildPhase section */

/* Begin PBXGroup section */
		9084FDBA207AD36D000CE300 = {
			isa = PBXGroup;
			children = (
				9084FDC5207AD36D000CE300 /* Practices */,
				9084FDC4207AD36D000CE300 /* Products */,
			);
			sourceTree = "<group>";
		};
		9084FDC4207AD36D000CE300 /* Products */ = {
			isa = PBXGroup;
			children = (
				9084FDC3207AD36D000CE300 /* Practices.app */,
			);
			name = Products;
			sourceTree = "<group>";
		};
		9084FDC5207AD36D000CE300 /* Practices */ = {
			isa = PBXGroup;
			children = (
				9084FDC6207AD36E000CE300 /* AppDelegate.swift */,
				9084FDC8207AD36E000CE300 /* ViewController.swift */,
				9084FDCA207AD36E000CE300 /* Main.storyboard */,
				9084FDD0207AD375000CE300 /* Assets.xcassets */,
				9084FDD2207AD375000CE300 /* LaunchScreen.storyboard */,
				9084FDD5207AD375000CE300 /* Info.plist */,
				9084FDCD207AD36E000CE300 /* Practices.xcdatamodeld */,
			);
			path = Practices;
			sourceTree = "<group>";
		};
/* End PBXGroup section */

/* Begin PBXNativeTarget section */
		9084FDC2207AD36D000CE300 /* Practices */ = {
			isa = PBXNativeTarget;
			buildConfigurationList = 9084FDD8207AD375000CE300 /* Build configuration list for PBXNativeTarget "Practices" */;
			buildPhases = (
				9084FDBF207AD36D000CE300 /* Sources */,
				9084FDC0207AD36D000CE300 /* Frameworks */,
				9084FDC1207AD36D000CE300 /* Resources */,
			);
			buildRules = (
			);
			dependencies = (
			);
			name = Practices;
			productName = Practices;
			productReference = 9084FDC3207AD36D000CE300 /* Practices.app */;
			productType = "com.apple.product-type.application";
		};
/* End PBXNativeTarget section */

/* Begin PBXProject section */
		9084FDBB207AD36D000CE300 /* Project object */ = {
			isa = PBXProject;
			attributes = {
				LastSwiftUpdateCheck = 0930;
				LastUpgradeCheck = 0930;
				ORGANIZATIONNAME = "Jose Martin Salcedo Lazaro";
				TargetAttributes = {
					9084FDC2207AD36D000CE300 = {
						CreatedOnToolsVersion = 9.3;
					};
				};
			};
			buildConfigurationList = 9084FDBE207AD36D000CE300 /* Build configuration list for PBXProject "Practices" */;
			compatibilityVersion = "Xcode 9.3";
			developmentRegion = en;
			hasScannedForEncodings = 0;
			knownRegions = (
				en,
				Base,
			);
			mainGroup = 9084FDBA207AD36D000CE300;
			productRefGroup = 9084FDC4207AD36D000CE300 /* Products */;
			projectDirPath = "";
			projectRoot = "";
			targets = (
				9084FDC2207AD36D000CE300 /* Practices */,
			);
		};
/* End PBXProject section */

/* Begin PBXResourcesBuildPhase section */
		9084FDC1207AD36D000CE300 /* Resources */ = {
			isa = PBXResourcesBuildPhase;
			buildActionMask = 2147483647;
			files = (
				9084FDD4207AD375000CE300 /* LaunchScreen.storyboard in Resources */,
				9084FDD1207AD375000CE300 /* Assets.xcassets in Resources */,
				9084FDCC207AD36E000CE300 /* Main.storyboard in Resources */,
			);
			runOnlyForDeploymentPostprocessing = 0;
		};
/* End PBXResourcesBuildPhase section */

/* Begin PBXSourcesBuildPhase section */
		9084FDBF207AD36D000CE300 /* Sources */ = {
			isa = PBXSourcesBuildPhase;
			buildActionMask = 2147483647;
			files = (
				9084FDC9207AD36E000CE300 /* ViewController.swift in Sources */,
				9084FDC7207AD36E000CE300 /* AppDelegate.swift in Sources */,
				9084FDCF207AD36E000CE300 /* Practices.xcdatamodeld in Sources */,
			);
			runOnlyForDeploymentPostprocessing = 0;
		};
/* End PBXSourcesBuildPhase section */

/* Begin PBXVariantGroup section */
		9084FDCA207AD36E000CE300 /* Main.storyboard */ = {
			isa = PBXVariantGroup;
			children = (
				9084FDCB207AD36E000CE300 /* Base */,
			);
			name = Main.storyboard;
			sourceTree = "<group>";
		};
		9084FDD2207AD375000CE300 /* LaunchScreen.storyboard */ = {
			isa = PBXVariantGroup;
			children = (
				9084FDD3207AD375000CE300 /* Base */,
			);
			name = LaunchScreen.storyboard;
			sourceTree = "<group>";
		};
/* End PBXVariantGroup section */

/* Begin XCBuildConfiguration section */
		9084FDD6207AD375000CE300 /* Debug */ = {
			isa = XCBuildConfiguration;
			buildSettings = {
				ALWAYS_SEARCH_USER_PATHS = NO;
				CLANG_ANALYZER_NONNULL = YES;
				CLANG_ANALYZER_NUMBER_OBJECT_CONVERSION = YES_AGGRESSIVE;
				CLANG_CXX_LANGUAGE_STANDARD = "gnu++14";
				CLANG_CXX_LIBRARY = "libc++";
				CLANG_ENABLE_MODULES = YES;
				CLANG_ENABLE_OBJC_ARC = YES;
				CLANG_ENABLE_OBJC_WEAK = YES;
				CLANG_WARN_BLOCK_CAPTURE_AUTORELEASING = YES;
				CLANG_WARN_BOOL_CONVERSION = YES;
				CLANG_WARN_COMMA = YES;
				CLANG_WARN_CONSTANT_CONVERSION = YES;
				CLANG_WARN_DEPRECATED_OBJC_IMPLEMENTATIONS = YES;
				CLANG_WARN_DIRECT_OBJC_ISA_USAGE = YES_ERROR;
				CLANG_WARN_DOCUMENTATION_COMMENTS = YES;
				CLANG_WARN_EMPTY_BODY = YES;
				CLANG_WARN_ENUM_CONVERSION = YES;
				CLANG_WARN_INFINITE_RECURSION = YES;
				CLANG_WARN_INT_CONVERSION = YES;
				CLANG_WARN_NON_LITERAL_NULL_CONVERSION = YES;
				CLANG_WARN_OBJC_IMPLICIT_RETAIN_SELF = YES;
				CLANG_WARN_OBJC_LITERAL_CONVERSION = YES;
				CLANG_WARN_OBJC_ROOT_CLASS = YES_ERROR;
				CLANG_WARN_RANGE_LOOP_ANALYSIS = YES;
				CLANG_WARN_STRICT_PROTOTYPES = YES;
				CLANG_WARN_SUSPICIOUS_MOVE = YES;
				CLANG_WARN_UNGUARDED_AVAILABILITY = YES_AGGRESSIVE;
				CLANG_WARN_UNREACHABLE_CODE = YES;
				CLANG_WARN__DUPLICATE_METHOD_MATCH = YES;
				CODE_SIGN_IDENTITY = "iPhone Developer";
				COPY_PHASE_STRIP = NO;
				DEBUG_INFORMATION_FORMAT = dwarf;
				ENABLE_STRICT_OBJC_MSGSEND = YES;
				ENABLE_TESTABILITY = YES;
				GCC_C_LANGUAGE_STANDARD = gnu11;
				GCC_DYNAMIC_NO_PIC = NO;
				GCC_NO_COMMON_BLOCKS = YES;
				GCC_OPTIMIZATION_LEVEL = 0;
				GCC_PREPROCESSOR_DEFINITIONS = (
					"DEBUG=1",
					"$(inherited)",
				);
				GCC_WARN_64_TO_32_BIT_CONVERSION = YES;
				GCC_WARN_ABOUT_RETURN_TYPE = YES_ERROR;
				GCC_WARN_UNDECLARED_SELECTOR = YES;
				GCC_WARN_UNINITIALIZED_AUTOS = YES_AGGRESSIVE;
				GCC_WARN_UNUSED_FUNCTION = YES;
				GCC_WARN_UNUSED_VARIABLE = YES;
				IPHONEOS_DEPLOYMENT_TARGET = 11.3;
				MTL_ENABLE_DEBUG_INFO = YES;
				ONLY_ACTIVE_ARCH = YES;
				SDKROOT = iphoneos;
				SWIFT_ACTIVE_COMPILATION_CONDITIONS = DEBUG;
				SWIFT_OPTIMIZATION_LEVEL = "-Onone";
			};
			name = Debug;
		};
		9084FDD7207AD375000CE300 /* Release */ = {
			isa = XCBuildConfiguration;
			buildSettings = {
				ALWAYS_SEARCH_USER_PATHS = NO;
				CLANG_ANALYZER_NONNULL = YES;
				CLANG_ANALYZER_NUMBER_OBJECT_CONVERSION = YES_AGGRESSIVE;
				CLANG_CXX_LANGUAGE_STANDARD = "gnu++14";
				CLANG_CXX_LIBRARY = "libc++";
				CLANG_ENABLE_MODULES = YES;
				CLANG_ENABLE_OBJC_ARC = YES;
				CLANG_ENABLE_OBJC_WEAK = YES;
				CLANG_WARN_BLOCK_CAPTURE_AUTORELEASING = YES;
				CLANG_WARN_BOOL_CONVERSION = YES;
				CLANG_WARN_COMMA = YES;
				CLANG_WARN_CONSTANT_CONVERSION = YES;
				CLANG_WARN_DEPRECATED_OBJC_IMPLEMENTATIONS = YES;
				CLANG_WARN_DIRECT_OBJC_ISA_USAGE = YES_ERROR;
				CLANG_WARN_DOCUMENTATION_COMMENTS = YES;
				CLANG_WARN_EMPTY_BODY = YES;
				CLANG_WARN_ENUM_CONVERSION = YES;
				CLANG_WARN_INFINITE_RECURSION = YES;
				CLANG_WARN_INT_CONVERSION = YES;
				CLANG_WARN_NON_LITERAL_NULL_CONVERSION = YES;
				CLANG_WARN_OBJC_IMPLICIT_RETAIN_SELF = YES;
				CLANG_WARN_OBJC_LITERAL_CONVERSION = YES;
				CLANG_WARN_OBJC_ROOT_CLASS = YES_ERROR;
				CLANG_WARN_RANGE_LOOP_ANALYSIS = YES;
				CLANG_WARN_STRICT_PROTOTYPES = YES;
				CLANG_WARN_SUSPICIOUS_MOVE = YES;
				CLANG_WARN_UNGUARDED_AVAILABILITY = YES_AGGRESSIVE;
				CLANG_WARN_UNREACHABLE_CODE = YES;
				CLANG_WARN__DUPLICATE_METHOD_MATCH = YES;
				CODE_SIGN_IDENTITY = "iPhone Developer";
				COPY_PHASE_STRIP = NO;
				DEBUG_INFORMATION_FORMAT = "dwarf-with-dsym";
				ENABLE_NS_ASSERTIONS = NO;
				ENABLE_STRICT_OBJC_MSGSEND = YES;
				GCC_C_LANGUAGE_STANDARD = gnu11;
				GCC_NO_COMMON_BLOCKS = YES;
				GCC_WARN_64_TO_32_BIT_CONVERSION = YES;
				GCC_WARN_ABOUT_RETURN_TYPE = YES_ERROR;
				GCC_WARN_UNDECLARED_SELECTOR = YES;
				GCC_WARN_UNINITIALIZED_AUTOS = YES_AGGRESSIVE;
				GCC_WARN_UNUSED_FUNCTION = YES;
				GCC_WARN_UNUSED_VARIABLE = YES;
				IPHONEOS_DEPLOYMENT_TARGET = 11.3;
				MTL_ENABLE_DEBUG_INFO = NO;
				SDKROOT = iphoneos;
				SWIFT_COMPILATION_MODE = wholemodule;
				SWIFT_OPTIMIZATION_LEVEL = "-O";
				VALIDATE_PRODUCT = YES;
			};
			name = Release;
		};
		9084FDD9207AD375000CE300 /* Debug */ = {
			isa = XCBuildConfiguration;
			buildSettings = {
				ASSETCATALOG_COMPILER_APPICON_NAME = AppIcon;
				CODE_SIGN_STYLE = Automatic;
				DEVELOPMENT_TEAM = 27VKJHB439;
				INFOPLIST_FILE = Practices/Info.plist;
				LD_RUNPATH_SEARCH_PATHS = (
					"$(inherited)",
					"@executable_path/Frameworks",
				);
				PRODUCT_BUNDLE_IDENTIFIER = com.salced.prueba.Practices;
				PRODUCT_NAME = "$(TARGET_NAME)";
				SWIFT_VERSION = 4.0;
				TARGETED_DEVICE_FAMILY = "1,2";
			};
			name = Debug;
		};
		9084FDDA207AD375000CE300 /* Release */ = {
			isa = XCBuildConfiguration;
			buildSettings = {
				ASSETCATALOG_COMPILER_APPICON_NAME = AppIcon;
				CODE_SIGN_STYLE = Automatic;
				DEVELOPMENT_TEAM = 27VKJHB439;
				INFOPLIST_FILE = Practices/Info.plist;
				LD_RUNPATH_SEARCH_PATHS = (
					"$(inherited)",
					"@executable_path/Frameworks",
				);
				PRODUCT_BUNDLE_IDENTIFIER = com.salced.prueba.Practices;
				PRODUCT_NAME = "$(TARGET_NAME)";
				SWIFT_VERSION = 4.0;
				TARGETED_DEVICE_FAMILY = "1,2";
			};
			name = Release;
		};
/* End XCBuildConfiguration section */

/* Begin XCConfigurationList section */
		9084FDBE207AD36D000CE300 /* Build configuration list for PBXProject "Practices" */ = {
			isa = XCConfigurationList;
			buildConfigurations = (
				9084FDD6207AD375000CE300 /* Debug */,
				9084FDD7207AD375000CE300 /* Release */,
			);
			defaultConfigurationIsVisible = 0;
			defaultConfigurationName = Release;
		};
		9084FDD8207AD375000CE300 /* Build configuration list for PBXNativeTarget "Practices" */ = {
			isa = XCConfigurationList;
			buildConfigurations = (
				9084FDD9207AD375000CE300 /* Debug */,
				9084FDDA207AD375000CE300 /* Release */,
			);
			defaultConfigurationIsVisible = 0;
			defaultConfigurationName = Release;
		};
/* End XCConfigurationList section */

/* Begin XCVersionGroup section */
		9084FDCD207AD36E000CE300 /* Practices.xcdatamodeld */ = {
			isa = XCVersionGroup;
			children = (
				9084FDCE207AD36E000CE300 /* Practices.xcdatamodel */,
			);
			currentVersion = 9084FDCE207AD36E000CE300 /* Practices.xcdatamodel */;
			path = Practices.xcdatamodeld;
			sourceTree = "<group>";
			versionGroupType = wrapper.xcdatamodel;
		};
/* End XCVersionGroup section */
	};
	rootObject = 9084FDBB207AD36D000CE300 /* Project object */;
}
